
Microsoft Visual Studio Solution File, Format Version 12.00
# Visual Studio 2012
Project("{FAE04EC0-301F-11D3-BF4B-00C04F79EFBC}") = "CTSLibrary", "CTSLibrary\CTSLibrary.csproj", "{1E91EEDF-75BC-4E25-B105-28B3C00213E1}"
EndProject
Project("{FAE04EC0-301F-11D3-BF4B-00C04F79EFBC}") = "CTSAdminModule", "CTSAdminModule\CTSAdminModule.csproj", "{2C6EADDA-5806-4F04-AFD5-4454AF72AF98}"
EndProject
Project("{FAE04EC0-301F-11D3-BF4B-00C04F79EFBC}") = "CTSTuterModule", "CTSTuterModule\CTSTuterModule.csproj", "{BD31C93C-B803-4AC2-A82A-8A3C86A1DA8F}"
EndProject
Project("{FAE04EC0-301F-11D3-BF4B-00C04F79EFBC}") = "CTSUserModule", "CTSUserModule\CTSUserModule.csproj", "{6463DB98-E94C-4028-806F-07D6B0E90A46}"
EndProject
Project("{FAE04EC0-301F-11D3-BF4B-00C04F79EFBC}") = "DocsModule", "DocsModule\DocsModule.csproj", "{9503700F-B85F-4DAD-ADD3-95C83F32EBBD}"
EndProject
Project("{FAE04EC0-301F-11D3-BF4B-00C04F79EFBC}") = "SupportSite", "SupportSite\SupportSite.csproj", "{8D2E0DDB-A979-435E-AA2E-5E82F35B68B5}"
EndProject
Project("{FAE04EC0-301F-11D3-BF4B-00C04F79EFBC}") = "ServerModule", "ServerModule\ServerModule.csproj", "{639D1446-1E61-403A-B983-AD497C965976}"
EndProject
Project("{FAE04EC0-301F-11D3-BF4B-00C04F79EFBC}") = "WPFCTSTuterModule", "WPFCTSTuterModule\WPFCTSTuterModule.csproj", "{2A0224EB-1687-4609-B6DE-4965F4C3C7C8}"
EndProject
Project("{FAE04EC0-301F-11D3-BF4B-00C04F79EFBC}") = "WpfCTSUserModule", "WpfCTSUserModule\WpfCTSUserModule.csproj", "{7A022127-A539-4A79-A13C-E3305200C76F}"
EndProject
Project("{FAE04EC0-301F-11D3-BF4B-00C04F79EFBC}") = "WpfCTSAdminModule", "CTS1\WpfCTSAdminModule\WpfCTSAdminModule.csproj", "{47DDBA8E-4E9C-4063-9C0B-3EC6678BDF18}"
EndProject
Project("{FAE04EC0-301F-11D3-BF4B-00C04F79EFBC}") = "DBLibrary", "DBLibrary\DBLibrary.csproj", "{D3F0DF70-F277-4614-A250-DFF3E53A4041}"
EndProject
Project("{FAE04EC0-301F-11D3-BF4B-00C04F79EFBC}") = "DBExample", "DBExample\DBExample.csproj", "{D947F4E8-5A32-45E9-8C0A-1CFD263891C4}"
EndProject
Global
	GlobalSection(SolutionConfigurationPlatforms) = preSolution
		Debug|Any CPU = Debug|Any CPU
		Release|Any CPU = Release|Any CPU
	EndGlobalSection
	GlobalSection(ProjectConfigurationPlatforms) = postSolution
		{1E91EEDF-75BC-4E25-B105-28B3C00213E1}.Debug|Any CPU.ActiveCfg = Debug|Any CPU
		{1E91EEDF-75BC-4E25-B105-28B3C00213E1}.Debug|Any CPU.Build.0 = Debug|Any CPU
		{1E91EEDF-75BC-4E25-B105-28B3C00213E1}.Release|Any CPU.ActiveCfg = Release|Any CPU
		{1E91EEDF-75BC-4E25-B105-28B3C00213E1}.Release|Any CPU.Build.0 = Release|Any CPU
		{2C6EADDA-5806-4F04-AFD5-4454AF72AF98}.Debug|Any CPU.ActiveCfg = Debug|Any CPU
		{2C6EADDA-5806-4F04-AFD5-4454AF72AF98}.Debug|Any CPU.Build.0 = Debug|Any CPU
		{2C6EADDA-5806-4F04-AFD5-4454AF72AF98}.Release|Any CPU.ActiveCfg = Release|Any CPU
		{2C6EADDA-5806-4F04-AFD5-4454AF72AF98}.Release|Any CPU.Build.0 = Release|Any CPU
		{BD31C93C-B803-4AC2-A82A-8A3C86A1DA8F}.Debug|Any CPU.ActiveCfg = Debug|Any CPU
		{BD31C93C-B803-4AC2-A82A-8A3C86A1DA8F}.Debug|Any CPU.Build.0 = Debug|Any CPU
		{BD31C93C-B803-4AC2-A82A-8A3C86A1DA8F}.Release|Any CPU.ActiveCfg = Release|Any CPU
		{BD31C93C-B803-4AC2-A82A-8A3C86A1DA8F}.Release|Any CPU.Build.0 = Release|Any CPU
		{6463DB98-E94C-4028-806F-07D6B0E90A46}.Debug|Any CPU.ActiveCfg = Debug|Any CPU
		{6463DB98-E94C-4028-806F-07D6B0E90A46}.Debug|Any CPU.Build.0 = Debug|Any CPU
		{6463DB98-E94C-4028-806F-07D6B0E90A46}.Release|Any CPU.ActiveCfg = Release|Any CPU
		{6463DB98-E94C-4028-806F-07D6B0E90A46}.Release|Any CPU.Build.0 = Release|Any CPU
		{9503700F-B85F-4DAD-ADD3-95C83F32EBBD}.Debug|Any CPU.ActiveCfg = Debug|Any CPU
		{9503700F-B85F-4DAD-ADD3-95C83F32EBBD}.Debug|Any CPU.Build.0 = Debug|Any CPU
		{9503700F-B85F-4DAD-ADD3-95C83F32EBBD}.Release|Any CPU.ActiveCfg = Release|Any CPU
		{9503700F-B85F-4DAD-ADD3-95C83F32EBBD}.Release|Any CPU.Build.0 = Release|Any CPU
		{8D2E0DDB-A979-435E-AA2E-5E82F35B68B5}.Debug|Any CPU.ActiveCfg = Debug|Any CPU
		{8D2E0DDB-A979-435E-AA2E-5E82F35B68B5}.Debug|Any CPU.Build.0 = Debug|Any CPU
		{8D2E0DDB-A979-435E-AA2E-5E82F35B68B5}.Release|Any CPU.ActiveCfg = Release|Any CPU
		{8D2E0DDB-A979-435E-AA2E-5E82F35B68B5}.Release|Any CPU.Build.0 = Release|Any CPU
		{639D1446-1E61-403A-B983-AD497C965976}.Debug|Any CPU.ActiveCfg = Debug|Any CPU
		{639D1446-1E61-403A-B983-AD497C965976}.Debug|Any CPU.Build.0 = Debug|Any CPU
		{639D1446-1E61-403A-B983-AD497C965976}.Release|Any CPU.ActiveCfg = Release|Any CPU
		{639D1446-1E61-403A-B983-AD497C965976}.Release|Any CPU.Build.0 = Release|Any CPU
		{2A0224EB-1687-4609-B6DE-4965F4C3C7C8}.Debug|Any CPU.ActiveCfg = Debug|Any CPU
		{2A0224EB-1687-4609-B6DE-4965F4C3C7C8}.Debug|Any CPU.Build.0 = Debug|Any CPU
		{2A0224EB-1687-4609-B6DE-4965F4C3C7C8}.Release|Any CPU.ActiveCfg = Release|Any CPU
		{2A0224EB-1687-4609-B6DE-4965F4C3C7C8}.Release|Any CPU.Build.0 = Release|Any CPU
		{7A022127-A539-4A79-A13C-E3305200C76F}.Debug|Any CPU.ActiveCfg = Debug|Any CPU
		{7A022127-A539-4A79-A13C-E3305200C76F}.Debug|Any CPU.Build.0 = Debug|Any CPU
		{7A022127-A539-4A79-A13C-E3305200C76F}.Release|Any CPU.ActiveCfg = Release|Any CPU
		{7A022127-A539-4A79-A13C-E3305200C76F}.Release|Any CPU.Build.0 = Release|Any CPU
		{47DDBA8E-4E9C-4063-9C0B-3EC6678BDF18}.Debug|Any CPU.ActiveCfg = Debug|Any CPU
		{47DDBA8E-4E9C-4063-9C0B-3EC6678BDF18}.Debug|Any CPU.Build.0 = Debug|Any CPU
		{47DDBA8E-4E9C-4063-9C0B-3EC6678BDF18}.Release|Any CPU.ActiveCfg = Release|Any CPU
		{47DDBA8E-4E9C-4063-9C0B-3EC6678BDF18}.Release|Any CPU.Build.0 = Release|Any CPU
		{D3F0DF70-F277-4614-A250-DFF3E53A4041}.Debug|Any CPU.ActiveCfg = Debug|Any CPU
		{D3F0DF70-F277-4614-A250-DFF3E53A4041}.Debug|Any CPU.Build.0 = Debug|Any CPU
		{D3F0DF70-F277-4614-A250-DFF3E53A4041}.Release|Any CPU.ActiveCfg = Release|Any CPU
		{D3F0DF70-F277-4614-A250-DFF3E53A4041}.Release|Any CPU.Build.0 = Release|Any CPU
		{D947F4E8-5A32-45E9-8C0A-1CFD263891C4}.Debug|Any CPU.ActiveCfg = Debug|Any CPU
		{D947F4E8-5A32-45E9-8C0A-1CFD263891C4}.Debug|Any CPU.Build.0 = Debug|Any CPU
		{D947F4E8-5A32-45E9-8C0A-1CFD263891C4}.Release|Any CPU.ActiveCfg = Release|Any CPU
		{D947F4E8-5A32-45E9-8C0A-1CFD263891C4}.Release|Any CPU.Build.0 = Release|Any CPU
	EndGlobalSection
	GlobalSection(SolutionProperties) = preSolution
		HideSolutionNode = FALSE
	EndGlobalSection
EndGlobal
